
Microsoft Visual Studio Solution File, Format Version 12.00
# Visual Studio Version 17
VisualStudioVersion = 17.0.31903.59
MinimumVisualStudioVersion = 10.0.40219.1
Project("{2150E333-8FDC-42A3-9474-1A3956D46DE8}") = "src", "src", "{827E0CD3-B72D-47B6-A68D-7590B98EB39B}"
EndProject
Project("{2150E333-8FDC-42A3-9474-1A3956D46DE8}") = "Core", "Core", "{8D626EA8-CB54-BC41-363A-217881BEBA6E}"
EndProject
Project("{FAE04EC0-301F-11D3-BF4B-00C04F79EFBC}") = "FutManagement.Core", "src\Core\FutManagement.Core.csproj", "{F3DD1496-A43B-449F-8C07-3F1E9AC6E9A2}"
EndProject
Project("{2150E333-8FDC-42A3-9474-1A3956D46DE8}") = "Application", "Application", "{22BAF98C-8415-17C4-B26A-D537657BC863}"
EndProject
Project("{FAE04EC0-301F-11D3-BF4B-00C04F79EFBC}") = "FutManagement.Application", "src\Application\FutManagement.Application.csproj", "{351A5C12-E6FB-4EB6-B83F-D0197B19F49B}"
EndProject
Project("{2150E333-8FDC-42A3-9474-1A3956D46DE8}") = "Infrastructure", "Infrastructure", "{9048EB7F-3875-A59E-E36B-5BD4C6F2A282}"
EndProject
Project("{FAE04EC0-301F-11D3-BF4B-00C04F79EFBC}") = "FutManagement.Infrastructure", "src\Infrastructure\FutManagement.Infrastructure.csproj", "{FC0BAC33-39DF-4BE0-A5F8-875FFFA2AC1D}"
EndProject
Project("{2150E333-8FDC-42A3-9474-1A3956D46DE8}") = "Presentation", "Presentation", "{6996BBF7-DB31-59BC-C7DD-9A7CCC6138C4}"
EndProject
Project("{FAE04EC0-301F-11D3-BF4B-00C04F79EFBC}") = "FutManagement.Presentation", "src\Presentation\FutManagement.Presentation.csproj", "{0CD405BB-1D80-4A54-93AA-105C46631156}"
EndProject
Project("{2150E333-8FDC-42A3-9474-1A3956D46DE8}") = "tests", "tests", "{0AB3BF05-4346-4AA6-1389-037BE0695223}"
EndProject
Project("{2150E333-8FDC-42A3-9474-1A3956D46DE8}") = "Application.UnitTests", "Application.UnitTests", "{B7A67187-1738-495E-17CB-A690C572E7D4}"
EndProject
Project("{FAE04EC0-301F-11D3-BF4B-00C04F79EFBC}") = "FutManagement.Application.UnitTests", "tests\Application.UnitTests\FutManagement.Application.UnitTests.csproj", "{ED1F2A54-AEB8-4BAA-B1E2-6CB14220AE41}"
EndProject
Global
	GlobalSection(SolutionConfigurationPlatforms) = preSolution
		Debug|Any CPU = Debug|Any CPU
		Debug|x64 = Debug|x64
		Debug|x86 = Debug|x86
		Release|Any CPU = Release|Any CPU
		Release|x64 = Release|x64
		Release|x86 = Release|x86
	EndGlobalSection
	GlobalSection(ProjectConfigurationPlatforms) = postSolution
		{F3DD1496-A43B-449F-8C07-3F1E9AC6E9A2}.Debug|Any CPU.ActiveCfg = Debug|Any CPU
		{F3DD1496-A43B-449F-8C07-3F1E9AC6E9A2}.Debug|Any CPU.Build.0 = Debug|Any CPU
		{F3DD1496-A43B-449F-8C07-3F1E9AC6E9A2}.Debug|x64.ActiveCfg = Debug|Any CPU
		{F3DD1496-A43B-449F-8C07-3F1E9AC6E9A2}.Debug|x64.Build.0 = Debug|Any CPU
		{F3DD1496-A43B-449F-8C07-3F1E9AC6E9A2}.Debug|x86.ActiveCfg = Debug|Any CPU
		{F3DD1496-A43B-449F-8C07-3F1E9AC6E9A2}.Debug|x86.Build.0 = Debug|Any CPU
		{F3DD1496-A43B-449F-8C07-3F1E9AC6E9A2}.Release|Any CPU.ActiveCfg = Release|Any CPU
		{F3DD1496-A43B-449F-8C07-3F1E9AC6E9A2}.Release|Any CPU.Build.0 = Release|Any CPU
		{F3DD1496-A43B-449F-8C07-3F1E9AC6E9A2}.Release|x64.ActiveCfg = Release|Any CPU
		{F3DD1496-A43B-449F-8C07-3F1E9AC6E9A2}.Release|x64.Build.0 = Release|Any CPU
		{F3DD1496-A43B-449F-8C07-3F1E9AC6E9A2}.Release|x86.ActiveCfg = Release|Any CPU
		{F3DD1496-A43B-449F-8C07-3F1E9AC6E9A2}.Release|x86.Build.0 = Release|Any CPU
		{351A5C12-E6FB-4EB6-B83F-D0197B19F49B}.Debug|Any CPU.ActiveCfg = Debug|Any CPU
		{351A5C12-E6FB-4EB6-B83F-D0197B19F49B}.Debug|Any CPU.Build.0 = Debug|Any CPU
		{351A5C12-E6FB-4EB6-B83F-D0197B19F49B}.Debug|x64.ActiveCfg = Debug|Any CPU
		{351A5C12-E6FB-4EB6-B83F-D0197B19F49B}.Debug|x64.Build.0 = Debug|Any CPU
		{351A5C12-E6FB-4EB6-B83F-D0197B19F49B}.Debug|x86.ActiveCfg = Debug|Any CPU
		{351A5C12-E6FB-4EB6-B83F-D0197B19F49B}.Debug|x86.Build.0 = Debug|Any CPU
		{351A5C12-E6FB-4EB6-B83F-D0197B19F49B}.Release|Any CPU.ActiveCfg = Release|Any CPU
		{351A5C12-E6FB-4EB6-B83F-D0197B19F49B}.Release|Any CPU.Build.0 = Release|Any CPU
		{351A5C12-E6FB-4EB6-B83F-D0197B19F49B}.Release|x64.ActiveCfg = Release|Any CPU
		{351A5C12-E6FB-4EB6-B83F-D0197B19F49B}.Release|x64.Build.0 = Release|Any CPU
		{351A5C12-E6FB-4EB6-B83F-D0197B19F49B}.Release|x86.ActiveCfg = Release|Any CPU
		{351A5C12-E6FB-4EB6-B83F-D0197B19F49B}.Release|x86.Build.0 = Release|Any CPU
		{FC0BAC33-39DF-4BE0-A5F8-875FFFA2AC1D}.Debug|Any CPU.ActiveCfg = Debug|Any CPU
		{FC0BAC33-39DF-4BE0-A5F8-875FFFA2AC1D}.Debug|Any CPU.Build.0 = Debug|Any CPU
		{FC0BAC33-39DF-4BE0-A5F8-875FFFA2AC1D}.Debug|x64.ActiveCfg = Debug|Any CPU
		{FC0BAC33-39DF-4BE0-A5F8-875FFFA2AC1D}.Debug|x64.Build.0 = Debug|Any CPU
		{FC0BAC33-39DF-4BE0-A5F8-875FFFA2AC1D}.Debug|x86.ActiveCfg = Debug|Any CPU
		{FC0BAC33-39DF-4BE0-A5F8-875FFFA2AC1D}.Debug|x86.Build.0 = Debug|Any CPU
		{FC0BAC33-39DF-4BE0-A5F8-875FFFA2AC1D}.Release|Any CPU.ActiveCfg = Release|Any CPU
		{FC0BAC33-39DF-4BE0-A5F8-875FFFA2AC1D}.Release|Any CPU.Build.0 = Release|Any CPU
		{FC0BAC33-39DF-4BE0-A5F8-875FFFA2AC1D}.Release|x64.ActiveCfg = Release|Any CPU
		{FC0BAC33-39DF-4BE0-A5F8-875FFFA2AC1D}.Release|x64.Build.0 = Release|Any CPU
		{FC0BAC33-39DF-4BE0-A5F8-875FFFA2AC1D}.Release|x86.ActiveCfg = Release|Any CPU
		{FC0BAC33-39DF-4BE0-A5F8-875FFFA2AC1D}.Release|x86.Build.0 = Release|Any CPU
		{0CD405BB-1D80-4A54-93AA-105C46631156}.Debug|Any CPU.ActiveCfg = Debug|Any CPU
		{0CD405BB-1D80-4A54-93AA-105C46631156}.Debug|Any CPU.Build.0 = Debug|Any CPU
		{0CD405BB-1D80-4A54-93AA-105C46631156}.Debug|x64.ActiveCfg = Debug|Any CPU
		{0CD405BB-1D80-4A54-93AA-105C46631156}.Debug|x64.Build.0 = Debug|Any CPU
		{0CD405BB-1D80-4A54-93AA-105C46631156}.Debug|x86.ActiveCfg = Debug|Any CPU
		{0CD405BB-1D80-4A54-93AA-105C46631156}.Debug|x86.Build.0 = Debug|Any CPU
		{0CD405BB-1D80-4A54-93AA-105C46631156}.Release|Any CPU.ActiveCfg = Release|Any CPU
		{0CD405BB-1D80-4A54-93AA-105C46631156}.Release|Any CPU.Build.0 = Release|Any CPU
		{0CD405BB-1D80-4A54-93AA-105C46631156}.Release|x64.ActiveCfg = Release|Any CPU
		{0CD405BB-1D80-4A54-93AA-105C46631156}.Release|x64.Build.0 = Release|Any CPU
		{0CD405BB-1D80-4A54-93AA-105C46631156}.Release|x86.ActiveCfg = Release|Any CPU
		{0CD405BB-1D80-4A54-93AA-105C46631156}.Release|x86.Build.0 = Release|Any CPU
		{ED1F2A54-AEB8-4BAA-B1E2-6CB14220AE41}.Debug|Any CPU.ActiveCfg = Debug|Any CPU
		{ED1F2A54-AEB8-4BAA-B1E2-6CB14220AE41}.Debug|Any CPU.Build.0 = Debug|Any CPU
		{ED1F2A54-AEB8-4BAA-B1E2-6CB14220AE41}.Debug|x64.ActiveCfg = Debug|Any CPU
		{ED1F2A54-AEB8-4BAA-B1E2-6CB14220AE41}.Debug|x64.Build.0 = Debug|Any CPU
		{ED1F2A54-AEB8-4BAA-B1E2-6CB14220AE41}.Debug|x86.ActiveCfg = Debug|Any CPU
		{ED1F2A54-AEB8-4BAA-B1E2-6CB14220AE41}.Debug|x86.Build.0 = Debug|Any CPU
		{ED1F2A54-AEB8-4BAA-B1E2-6CB14220AE41}.Release|Any CPU.ActiveCfg = Release|Any CPU
		{ED1F2A54-AEB8-4BAA-B1E2-6CB14220AE41}.Release|Any CPU.Build.0 = Release|Any CPU
		{ED1F2A54-AEB8-4BAA-B1E2-6CB14220AE41}.Release|x64.ActiveCfg = Release|Any CPU
		{ED1F2A54-AEB8-4BAA-B1E2-6CB14220AE41}.Release|x64.Build.0 = Release|Any CPU
		{ED1F2A54-AEB8-4BAA-B1E2-6CB14220AE41}.Release|x86.ActiveCfg = Release|Any CPU
		{ED1F2A54-AEB8-4BAA-B1E2-6CB14220AE41}.Release|x86.Build.0 = Release|Any CPU
	EndGlobalSection
	GlobalSection(SolutionProperties) = preSolution
		HideSolutionNode = FALSE
	EndGlobalSection
	GlobalSection(NestedProjects) = preSolution
		{8D626EA8-CB54-BC41-363A-217881BEBA6E} = {827E0CD3-B72D-47B6-A68D-7590B98EB39B}
		{F3DD1496-A43B-449F-8C07-3F1E9AC6E9A2} = {8D626EA8-CB54-BC41-363A-217881BEBA6E}
		{22BAF98C-8415-17C4-B26A-D537657BC863} = {827E0CD3-B72D-47B6-A68D-7590B98EB39B}
		{351A5C12-E6FB-4EB6-B83F-D0197B19F49B} = {22BAF98C-8415-17C4-B26A-D537657BC863}
		{9048EB7F-3875-A59E-E36B-5BD4C6F2A282} = {827E0CD3-B72D-47B6-A68D-7590B98EB39B}
		{FC0BAC33-39DF-4BE0-A5F8-875FFFA2AC1D} = {9048EB7F-3875-A59E-E36B-5BD4C6F2A282}
		{6996BBF7-DB31-59BC-C7DD-9A7CCC6138C4} = {827E0CD3-B72D-47B6-A68D-7590B98EB39B}
		{0CD405BB-1D80-4A54-93AA-105C46631156} = {6996BBF7-DB31-59BC-C7DD-9A7CCC6138C4}
		{B7A67187-1738-495E-17CB-A690C572E7D4} = {0AB3BF05-4346-4AA6-1389-037BE0695223}
		{ED1F2A54-AEB8-4BAA-B1E2-6CB14220AE41} = {B7A67187-1738-495E-17CB-A690C572E7D4}
	EndGlobalSection
EndGlobal
